
Microsoft Visual Studio Solution File, Format Version 12.00
# Visual Studio Version 16
VisualStudioVersion = 16.0.29613.14
MinimumVisualStudioVersion = 10.0.40219.1
Project("{FAE04EC0-301F-11D3-BF4B-00C04F79EFBC}") = "ConfigORama", "ConfigORama\ConfigORama.csproj", "{6DE92B0D-710C-4BAF-AF52-B32EB184BED8}"
EndProject
Global
	GlobalSection(SolutionConfigurationPlatforms) = preSolution
		Debug|Any CPU = Debug|Any CPU
		Release|Any CPU = Release|Any CPU
	EndGlobalSection
	GlobalSection(ProjectConfigurationPlatforms) = postSolution
		{6DE92B0D-710C-4BAF-AF52-B32EB184BED8}.Debug|Any CPU.ActiveCfg = Debug|Any CPU
		{6DE92B0D-710C-4BAF-AF52-B32EB184BED8}.Debug|Any CPU.Build.0 = Debug|Any CPU
		{6DE92B0D-710C-4BAF-AF52-B32EB184BED8}.Release|Any CPU.ActiveCfg = Release|Any CPU
		{6DE92B0D-710C-4BAF-AF52-B32EB184BED8}.Release|Any CPU.Build.0 = Release|Any CPU
	EndGlobalSection
	GlobalSection(SolutionProperties) = preSolution
		HideSolutionNode = FALSE
	EndGlobalSection
	GlobalSection(ExtensibilityGlobals) = postSolution
		SolutionGuid = {80FEE0DD-9CFE-4A91-9154-5E31B8CD5096}
	EndGlobalSection
EndGlobal
