
Microsoft Visual Studio Solution File, Format Version 12.00
# Visual Studio Version 16
VisualStudioVersion = 16.0.29613.14
MinimumVisualStudioVersion = 10.0.40219.1
Project("{FAE04EC0-301F-11D3-BF4B-00C04F79EFBC}") = "MasterPageSite", "WebApplication1\MasterPageSite.csproj", "{6110703F-F2AA-4D98-B2E7-0F83DA8797F0}"
EndProject
Global
	GlobalSection(SolutionConfigurationPlatforms) = preSolution
		Debug|Any CPU = Debug|Any CPU
		Release|Any CPU = Release|Any CPU
	EndGlobalSection
	GlobalSection(ProjectConfigurationPlatforms) = postSolution
		{6110703F-F2AA-4D98-B2E7-0F83DA8797F0}.Debug|Any CPU.ActiveCfg = Debug|Any CPU
		{6110703F-F2AA-4D98-B2E7-0F83DA8797F0}.Debug|Any CPU.Build.0 = Debug|Any CPU
		{6110703F-F2AA-4D98-B2E7-0F83DA8797F0}.Release|Any CPU.ActiveCfg = Release|Any CPU
		{6110703F-F2AA-4D98-B2E7-0F83DA8797F0}.Release|Any CPU.Build.0 = Release|Any CPU
	EndGlobalSection
	GlobalSection(SolutionProperties) = preSolution
		HideSolutionNode = FALSE
	EndGlobalSection
	GlobalSection(ExtensibilityGlobals) = postSolution
		SolutionGuid = {99F04E38-C93F-45D9-82F3-E24B268FDD84}
	EndGlobalSection
EndGlobal
