
Microsoft Visual Studio Solution File, Format Version 12.00
# Visual Studio Version 16
VisualStudioVersion = 16.0.29613.14
MinimumVisualStudioVersion = 10.0.40219.1
Project("{FAE04EC0-301F-11D3-BF4B-00C04F79EFBC}") = "PortalMemoria", "PortalMemoria\PortalMemoria.csproj", "{FAFF30AD-64E0-4E15-BE49-EF7C28DA5D70}"
EndProject
Global
	GlobalSection(SolutionConfigurationPlatforms) = preSolution
		Debug|Any CPU = Debug|Any CPU
		Release|Any CPU = Release|Any CPU
	EndGlobalSection
	GlobalSection(ProjectConfigurationPlatforms) = postSolution
		{FAFF30AD-64E0-4E15-BE49-EF7C28DA5D70}.Debug|Any CPU.ActiveCfg = Debug|Any CPU
		{FAFF30AD-64E0-4E15-BE49-EF7C28DA5D70}.Debug|Any CPU.Build.0 = Debug|Any CPU
		{FAFF30AD-64E0-4E15-BE49-EF7C28DA5D70}.Release|Any CPU.ActiveCfg = Release|Any CPU
		{FAFF30AD-64E0-4E15-BE49-EF7C28DA5D70}.Release|Any CPU.Build.0 = Release|Any CPU
	EndGlobalSection
	GlobalSection(SolutionProperties) = preSolution
		HideSolutionNode = FALSE
	EndGlobalSection
	GlobalSection(ExtensibilityGlobals) = postSolution
		SolutionGuid = {102E4576-AF6B-4591-8F1E-E8B3D645FB08}
	EndGlobalSection
EndGlobal
